
Microsoft Visual Studio Solution File, Format Version 12.00
# Visual Studio Version 16
VisualStudioVersion = 16.0.29806.167
MinimumVisualStudioVersion = 10.0.40219.1
Project("{9A19103F-16F7-4668-BE54-9A1E7A4F7556}") = "IteratorPattern", "IteratorPattern\IteratorPattern.csproj", "{77E08AEF-D34B-482F-A289-DF931B4493F2}"
EndProject
Project("{9A19103F-16F7-4668-BE54-9A1E7A4F7556}") = "BoxesIterator", "BoxesItaerator\BoxesIterator.csproj", "{D740577A-9652-4B28-9003-A0C6A9FAA3DD}"
EndProject
Project("{9A19103F-16F7-4668-BE54-9A1E7A4F7556}") = "BoxesIteratorRecursion", "BoxesIteratorRecursion\BoxesIteratorRecursion.csproj", "{BAC524C3-86C0-4636-ACFE-905935A3D7D3}"
EndProject
Project("{FAE04EC0-301F-11D3-BF4B-00C04F79EFBC}") = "MovingFurnitureAndHouseholdSystem", "MovingFurnitureAndHouseholdSystem\MovingFurnitureAndHouseholdSystem.csproj", "{AAD0E6CE-DEF8-499F-9C17-02D42A636831}"
EndProject
Global
	GlobalSection(SolutionConfigurationPlatforms) = preSolution
		Debug|Any CPU = Debug|Any CPU
		Release|Any CPU = Release|Any CPU
	EndGlobalSection
	GlobalSection(ProjectConfigurationPlatforms) = postSolution
		{77E08AEF-D34B-482F-A289-DF931B4493F2}.Debug|Any CPU.ActiveCfg = Debug|Any CPU
		{77E08AEF-D34B-482F-A289-DF931B4493F2}.Debug|Any CPU.Build.0 = Debug|Any CPU
		{77E08AEF-D34B-482F-A289-DF931B4493F2}.Release|Any CPU.ActiveCfg = Release|Any CPU
		{77E08AEF-D34B-482F-A289-DF931B4493F2}.Release|Any CPU.Build.0 = Release|Any CPU
		{D740577A-9652-4B28-9003-A0C6A9FAA3DD}.Debug|Any CPU.ActiveCfg = Debug|Any CPU
		{D740577A-9652-4B28-9003-A0C6A9FAA3DD}.Debug|Any CPU.Build.0 = Debug|Any CPU
		{D740577A-9652-4B28-9003-A0C6A9FAA3DD}.Release|Any CPU.ActiveCfg = Release|Any CPU
		{D740577A-9652-4B28-9003-A0C6A9FAA3DD}.Release|Any CPU.Build.0 = Release|Any CPU
		{BAC524C3-86C0-4636-ACFE-905935A3D7D3}.Debug|Any CPU.ActiveCfg = Debug|Any CPU
		{BAC524C3-86C0-4636-ACFE-905935A3D7D3}.Debug|Any CPU.Build.0 = Debug|Any CPU
		{BAC524C3-86C0-4636-ACFE-905935A3D7D3}.Release|Any CPU.ActiveCfg = Release|Any CPU
		{BAC524C3-86C0-4636-ACFE-905935A3D7D3}.Release|Any CPU.Build.0 = Release|Any CPU
		{AAD0E6CE-DEF8-499F-9C17-02D42A636831}.Debug|Any CPU.ActiveCfg = Debug|Any CPU
		{AAD0E6CE-DEF8-499F-9C17-02D42A636831}.Debug|Any CPU.Build.0 = Debug|Any CPU
		{AAD0E6CE-DEF8-499F-9C17-02D42A636831}.Release|Any CPU.ActiveCfg = Release|Any CPU
		{AAD0E6CE-DEF8-499F-9C17-02D42A636831}.Release|Any CPU.Build.0 = Release|Any CPU
	EndGlobalSection
	GlobalSection(SolutionProperties) = preSolution
		HideSolutionNode = FALSE
	EndGlobalSection
	GlobalSection(ExtensibilityGlobals) = postSolution
		SolutionGuid = {E0677343-95B3-47E0-BBB6-46335191A2A7}
	EndGlobalSection
EndGlobal
