
Microsoft Visual Studio Solution File, Format Version 12.00
# Visual Studio Version 16
VisualStudioVersion = 16.0.29806.167
MinimumVisualStudioVersion = 10.0.40219.1
Project("{9A19103F-16F7-4668-BE54-9A1E7A4F7556}") = "DrinkMachine", "DrinkMachine_Flyweight_Pattern\DrinkMachine.csproj", "{288C103B-6B75-45A1-9C14-08B37528CC27}"
EndProject
Project("{9A19103F-16F7-4668-BE54-9A1E7A4F7556}") = "InventoryProcessor", "Flyweight_InventoryProcessor\InventoryProcessor.csproj", "{840871FD-5810-4D57-9746-868B463019EB}"
EndProject
Project("{9A19103F-16F7-4668-BE54-9A1E7A4F7556}") = "DrinkMachineWithPropperFlyweight", "DrinkMachineWithPropperFlyweight\DrinkMachineWithPropperFlyweight.csproj", "{1908941E-EE90-428B-817D-364CD99DB528}"
EndProject
Global
	GlobalSection(SolutionConfigurationPlatforms) = preSolution
		Debug|Any CPU = Debug|Any CPU
		Release|Any CPU = Release|Any CPU
	EndGlobalSection
	GlobalSection(ProjectConfigurationPlatforms) = postSolution
		{288C103B-6B75-45A1-9C14-08B37528CC27}.Debug|Any CPU.ActiveCfg = Debug|Any CPU
		{288C103B-6B75-45A1-9C14-08B37528CC27}.Debug|Any CPU.Build.0 = Debug|Any CPU
		{288C103B-6B75-45A1-9C14-08B37528CC27}.Release|Any CPU.ActiveCfg = Release|Any CPU
		{288C103B-6B75-45A1-9C14-08B37528CC27}.Release|Any CPU.Build.0 = Release|Any CPU
		{840871FD-5810-4D57-9746-868B463019EB}.Debug|Any CPU.ActiveCfg = Debug|Any CPU
		{840871FD-5810-4D57-9746-868B463019EB}.Debug|Any CPU.Build.0 = Debug|Any CPU
		{840871FD-5810-4D57-9746-868B463019EB}.Release|Any CPU.ActiveCfg = Release|Any CPU
		{840871FD-5810-4D57-9746-868B463019EB}.Release|Any CPU.Build.0 = Release|Any CPU
		{1908941E-EE90-428B-817D-364CD99DB528}.Debug|Any CPU.ActiveCfg = Debug|Any CPU
		{1908941E-EE90-428B-817D-364CD99DB528}.Debug|Any CPU.Build.0 = Debug|Any CPU
		{1908941E-EE90-428B-817D-364CD99DB528}.Release|Any CPU.ActiveCfg = Release|Any CPU
		{1908941E-EE90-428B-817D-364CD99DB528}.Release|Any CPU.Build.0 = Release|Any CPU
	EndGlobalSection
	GlobalSection(SolutionProperties) = preSolution
		HideSolutionNode = FALSE
	EndGlobalSection
	GlobalSection(ExtensibilityGlobals) = postSolution
		SolutionGuid = {257427C3-1291-44ED-A643-0E79B2384112}
	EndGlobalSection
EndGlobal
