
Microsoft Visual Studio Solution File, Format Version 12.00
# Visual Studio Version 16
VisualStudioVersion = 16.0.29509.3
MinimumVisualStudioVersion = 10.0.40219.1
Project("{9A19103F-16F7-4668-BE54-9A1E7A4F7556}") = "ChainOfResponsibilityPattern", "ChainOfResponsibilityPattern\ChainOfResponsibilityPattern.csproj", "{77F5DC0A-F9C7-41B4-9176-CB0809DB8643}"
EndProject
Global
	GlobalSection(SolutionConfigurationPlatforms) = preSolution
		Debug|Any CPU = Debug|Any CPU
		Release|Any CPU = Release|Any CPU
	EndGlobalSection
	GlobalSection(ProjectConfigurationPlatforms) = postSolution
		{77F5DC0A-F9C7-41B4-9176-CB0809DB8643}.Debug|Any CPU.ActiveCfg = Debug|Any CPU
		{77F5DC0A-F9C7-41B4-9176-CB0809DB8643}.Debug|Any CPU.Build.0 = Debug|Any CPU
		{77F5DC0A-F9C7-41B4-9176-CB0809DB8643}.Release|Any CPU.ActiveCfg = Release|Any CPU
		{77F5DC0A-F9C7-41B4-9176-CB0809DB8643}.Release|Any CPU.Build.0 = Release|Any CPU
	EndGlobalSection
	GlobalSection(SolutionProperties) = preSolution
		HideSolutionNode = FALSE
	EndGlobalSection
	GlobalSection(ExtensibilityGlobals) = postSolution
		SolutionGuid = {8B90D8F5-96D3-48E5-B077-C3E23C4FF21D}
	EndGlobalSection
EndGlobal
