
Microsoft Visual Studio Solution File, Format Version 12.00
# Visual Studio Version 16
VisualStudioVersion = 16.0.31005.135
MinimumVisualStudioVersion = 10.0.40219.1
Project("{FAE04EC0-301F-11D3-BF4B-00C04F79EFBC}") = "TemplatePattern", "TemplatePattern\TemplatePattern.csproj", "{303983AA-6AAB-4120-8EF1-A2B79A457A1C}"
EndProject
Global
	GlobalSection(SolutionConfigurationPlatforms) = preSolution
		Debug|Any CPU = Debug|Any CPU
		Release|Any CPU = Release|Any CPU
	EndGlobalSection
	GlobalSection(ProjectConfigurationPlatforms) = postSolution
		{303983AA-6AAB-4120-8EF1-A2B79A457A1C}.Debug|Any CPU.ActiveCfg = Debug|Any CPU
		{303983AA-6AAB-4120-8EF1-A2B79A457A1C}.Debug|Any CPU.Build.0 = Debug|Any CPU
		{303983AA-6AAB-4120-8EF1-A2B79A457A1C}.Release|Any CPU.ActiveCfg = Release|Any CPU
		{303983AA-6AAB-4120-8EF1-A2B79A457A1C}.Release|Any CPU.Build.0 = Release|Any CPU
	EndGlobalSection
	GlobalSection(SolutionProperties) = preSolution
		HideSolutionNode = FALSE
	EndGlobalSection
	GlobalSection(ExtensibilityGlobals) = postSolution
		SolutionGuid = {F1FB8DB1-C427-47B1-9B8D-D049FBC812E5}
	EndGlobalSection
EndGlobal
